
Microsoft Visual Studio Solution File, Format Version 12.00
# Visual Studio Version 17
VisualStudioVersion = 17.6.33801.468
MinimumVisualStudioVersion = 10.0.40219.1
Project("{9A19103F-16F7-4668-BE54-9A1E7A4F7556}") = "CryptoExchange.Domain", "CryptoExchange.Domain\CryptoExchange.Domain.csproj", "{372F4208-77B0-4372-8502-3B6EB2FD1570}"
EndProject
Project("{2150E333-8FDC-42A3-9474-1A3956D46DE8}") = "API", "API", "{800303B3-AD89-4FB0-8DB4-0A612C18E07D}"
EndProject
Project("{2150E333-8FDC-42A3-9474-1A3956D46DE8}") = "Core", "Core", "{7ECB7B62-D079-4B97-A774-D21D3EE1D979}"
EndProject
Project("{2150E333-8FDC-42A3-9474-1A3956D46DE8}") = "Infrastructure", "Infrastructure", "{6C471220-F6DD-4FC0-AC37-721B87845893}"
EndProject
Project("{2150E333-8FDC-42A3-9474-1A3956D46DE8}") = "Tests", "Tests", "{7C5F8FE7-CBCF-40BD-BD4A-C91E477C200C}"
EndProject
Project("{FAE04EC0-301F-11D3-BF4B-00C04F79EFBC}") = "CryptoExchange.Application", "CryptoExchange.Application\CryptoExchange.Application.csproj", "{EDEB429D-B432-4DD6-AFF6-3C26D27BCB82}"
EndProject
Global
	GlobalSection(SolutionConfigurationPlatforms) = preSolution
		Debug|Any CPU = Debug|Any CPU
		Release|Any CPU = Release|Any CPU
	EndGlobalSection
	GlobalSection(ProjectConfigurationPlatforms) = postSolution
		{372F4208-77B0-4372-8502-3B6EB2FD1570}.Debug|Any CPU.ActiveCfg = Debug|Any CPU
		{372F4208-77B0-4372-8502-3B6EB2FD1570}.Debug|Any CPU.Build.0 = Debug|Any CPU
		{372F4208-77B0-4372-8502-3B6EB2FD1570}.Release|Any CPU.ActiveCfg = Release|Any CPU
		{372F4208-77B0-4372-8502-3B6EB2FD1570}.Release|Any CPU.Build.0 = Release|Any CPU
		{EDEB429D-B432-4DD6-AFF6-3C26D27BCB82}.Debug|Any CPU.ActiveCfg = Debug|Any CPU
		{EDEB429D-B432-4DD6-AFF6-3C26D27BCB82}.Debug|Any CPU.Build.0 = Debug|Any CPU
		{EDEB429D-B432-4DD6-AFF6-3C26D27BCB82}.Release|Any CPU.ActiveCfg = Release|Any CPU
		{EDEB429D-B432-4DD6-AFF6-3C26D27BCB82}.Release|Any CPU.Build.0 = Release|Any CPU
	EndGlobalSection
	GlobalSection(SolutionProperties) = preSolution
		HideSolutionNode = FALSE
	EndGlobalSection
	GlobalSection(NestedProjects) = preSolution
		{372F4208-77B0-4372-8502-3B6EB2FD1570} = {7ECB7B62-D079-4B97-A774-D21D3EE1D979}
		{EDEB429D-B432-4DD6-AFF6-3C26D27BCB82} = {7ECB7B62-D079-4B97-A774-D21D3EE1D979}
	EndGlobalSection
	GlobalSection(ExtensibilityGlobals) = postSolution
		SolutionGuid = {AE60CA1D-3AC4-46FA-890C-5987C7C1ACC2}
	EndGlobalSection
EndGlobal
